{
    "_readme": [
        "This file locks the dependencies of your project to a known state",
        "Read more about it at https://getcomposer.org/doc/01-basic-usage.md#composer-lock-the-lock-file",
        "This file is @generated automatically"
    ],
    "hash": "46bd4ca7bba3250ab72fff5bea79c72c",
    "packages": [
        {
            "name": "drush/drush",
            "version": "6.x-dev",
            "source": {
                "type": "git",
                "url": "https://github.com/drush-ops/drush.git",
                "reference": "187fd31ab2985ef4bc8d45b2bb770036331a3078"
            },
            "dist": {
                "type": "zip",
                "url": "https://api.github.com/repos/drush-ops/drush/zipball/187fd31ab2985ef4bc8d45b2bb770036331a3078",
                "reference": "187fd31ab2985ef4bc8d45b2bb770036331a3078",
                "shasum": ""
            },
            "require": {
                "php": ">=5.3.0"
            },
            "require-dev": {
                "phpunit/phpunit": ">=3.5"
            },
            "bin": [
                "drush",
                "drush.php",
                "drush.bat",
                "drush.complete.sh"
            ],
            "type": "library",
            "notification-url": "https://packagist.org/downloads/",
            "license": [
                "GPL-2.0+"
            ],
            "authors": [
                {
                    "name": "Moshe Weitzman",
                    "email": "weitzman@tejasa.com"
                },
                {
                    "name": "Owen Barton",
                    "email": "drupal@owenbarton.com"
                },
                {
                    "name": "Mark Sonnabaum",
                    "email": "marksonnabaum@gmail.com"
                },
                {
                    "name": "Antoine Beaupré",
                    "email": "anarcat@koumbit.org"
                },
                {
                    "name": "Greg Anderson",
                    "email": "greg.1.anderson@greenknowe.org"
                },
                {
                    "name": "Jonathan Araña Cruz",
                    "email": "jonhattan@faita.net"
                },
                {
                    "name": "Jonathan Hedstrom",
                    "email": "jhedstrom@gmail.com"
                }
            ],
            "description": "Drush is a command line shell and scripting interface for Drupal, a veritable Swiss Army knife designed to make life easier for those of us who spend some of our working hours hacking away at the command prompt.",
            "homepage": "http://www.drush.org",
            "time": "2015-04-28 21:34:37"
        },
        {
            "name": "jorgegc/phing-drush",
            "version": "dev-master",
            "source": {
                "type": "git",
                "url": "https://github.com/jorgegc/phing-drush.git",
                "reference": "053e2154465801b68363d46203f9dc3d97f9e694"
            },
            "dist": {
                "type": "zip",
                "url": "https://api.github.com/repos/jorgegc/phing-drush/zipball/053e2154465801b68363d46203f9dc3d97f9e694",
                "reference": "053e2154465801b68363d46203f9dc3d97f9e694",
                "shasum": ""
            },
            "require": {
                "drush/drush": "6.*"
            },
            "type": "library",
            "notification-url": "https://packagist.org/downloads/",
            "license": [
                "GPL-2.0+"
            ],
            "description": "A collection of Drush targets for Phing.",
            "homepage": "https://github.com/jorgegc/phing-drush",
            "keywords": [
                "Drush",
                "phing"
            ],
            "time": "2015-05-18 05:25:13"
        }
    ],
    "packages-dev": [],
    "aliases": [],
    "minimum-stability": "dev",
    "stability-flags": [],
    "prefer-stable": false,
    "prefer-lowest": false,
    "platform": [],
    "platform-dev": []
}
